// !$*UTF8*$!
{
	archiveVersion = 1;
	classes = {
	};
	objectVersion = 55;
	objects = {

/* Begin PBXBuildFile section */
		DF7C0C0729F11D0000251213 /* Interaction-Queue in Frameworks */ = {isa = PBXBuildFile; productRef = DF7C0C0629F11D0000251213 /* Interaction-Queue */; };
		DF7C0C0929F7B0F500251213 /* Vector math.swift in Sources */ = {isa = PBXBuildFile; fileRef = DF7C0C0829F7B0F500251213 /* Vector math.swift */; };
		DF7C0C0B29F7B22D00251213 /* TiltView.swift in Sources */ = {isa = PBXBuildFile; fileRef = DF7C0C0A29F7B22D00251213 /* TiltView.swift */; };
		DFE2211929EDF8940057B9B1 /* AppDelegate.swift in Sources */ = {isa = PBXBuildFile; fileRef = DFE2211829EDF8940057B9B1 /* AppDelegate.swift */; };
		DFE2211B29EDF8940057B9B1 /* SceneDelegate.swift in Sources */ = {isa = PBXBuildFile; fileRef = DFE2211A29EDF8940057B9B1 /* SceneDelegate.swift */; };
		DFE2211D29EDF8940057B9B1 /* ViewController.swift in Sources */ = {isa = PBXBuildFile; fileRef = DFE2211C29EDF8940057B9B1 /* ViewController.swift */; };
		DFE2212029EDF8940057B9B1 /* Main.storyboard in Resources */ = {isa = PBXBuildFile; fileRef = DFE2211E29EDF8940057B9B1 /* Main.storyboard */; };
		DFE2212229EDF8980057B9B1 /* Assets.xcassets in Resources */ = {isa = PBXBuildFile; fileRef = DFE2212129EDF8980057B9B1 /* Assets.xcassets */; };
		DFE2212529EDF8980057B9B1 /* LaunchScreen.storyboard in Resources */ = {isa = PBXBuildFile; fileRef = DFE2212329EDF8980057B9B1 /* LaunchScreen.storyboard */; };
/* End PBXBuildFile section */

/* Begin PBXFileReference section */
		DF7C0C0829F7B0F500251213 /* Vector math.swift */ = {isa = PBXFileReference; lastKnownFileType = sourcecode.swift; path = "Vector math.swift"; sourceTree = "<group>"; };
		DF7C0C0A29F7B22D00251213 /* TiltView.swift */ = {isa = PBXFileReference; lastKnownFileType = sourcecode.swift; path = TiltView.swift; sourceTree = "<group>"; };
		DFE2211529EDF8940057B9B1 /* Aim Straight.app */ = {isa = PBXFileReference; explicitFileType = wrapper.application; includeInIndex = 0; path = "Aim Straight.app"; sourceTree = BUILT_PRODUCTS_DIR; };
		DFE2211829EDF8940057B9B1 /* AppDelegate.swift */ = {isa = PBXFileReference; lastKnownFileType = sourcecode.swift; path = AppDelegate.swift; sourceTree = "<group>"; };
		DFE2211A29EDF8940057B9B1 /* SceneDelegate.swift */ = {isa = PBXFileReference; lastKnownFileType = sourcecode.swift; path = SceneDelegate.swift; sourceTree = "<group>"; };
		DFE2211C29EDF8940057B9B1 /* ViewController.swift */ = {isa = PBXFileReference; lastKnownFileType = sourcecode.swift; path = ViewController.swift; sourceTree = "<group>"; };
		DFE2211F29EDF8940057B9B1 /* Base */ = {isa = PBXFileReference; lastKnownFileType = file.storyboard; name = Base; path = Base.lproj/Main.storyboard; sourceTree = "<group>"; };
		DFE2212129EDF8980057B9B1 /* Assets.xcassets */ = {isa = PBXFileReference; lastKnownFileType = folder.assetcatalog; path = Assets.xcassets; sourceTree = "<group>"; };
		DFE2212429EDF8980057B9B1 /* Base */ = {isa = PBXFileReference; lastKnownFileType = file.storyboard; name = Base; path = Base.lproj/LaunchScreen.storyboard; sourceTree = "<group>"; };
		DFE2212629EDF8980057B9B1 /* Info.plist */ = {isa = PBXFileReference; lastKnownFileType = text.plist.xml; path = Info.plist; sourceTree = "<group>"; };
/* End PBXFileReference section */

/* Begin PBXFrameworksBuildPhase section */
		DFE2211229EDF8940057B9B1 /* Frameworks */ = {
			isa = PBXFrameworksBuildPhase;
			buildActionMask = 2147483647;
			files = (
				DF7C0C0729F11D0000251213 /* Interaction-Queue in Frameworks */,
			);
			runOnlyForDeploymentPostprocessing = 0;
		};
/* End PBXFrameworksBuildPhase section */

/* Begin PBXGroup section */
		DFE2210C29EDF8940057B9B1 = {
			isa = PBXGroup;
			children = (
				DFE2211729EDF8940057B9B1 /* Aim Straight */,
				DFE2211629EDF8940057B9B1 /* Products */,
			);
			sourceTree = "<group>";
		};
		DFE2211629EDF8940057B9B1 /* Products */ = {
			isa = PBXGroup;
			children = (
				DFE2211529EDF8940057B9B1 /* Aim Straight.app */,
			);
			name = Products;
			sourceTree = "<group>";
		};
		DFE2211729EDF8940057B9B1 /* Aim Straight */ = {
			isa = PBXGroup;
			children = (
				DFE2211829EDF8940057B9B1 /* AppDelegate.swift */,
				DFE2211A29EDF8940057B9B1 /* SceneDelegate.swift */,
				DF7C0C0829F7B0F500251213 /* Vector math.swift */,
				DFE2211C29EDF8940057B9B1 /* ViewController.swift */,
				DF7C0C0A29F7B22D00251213 /* TiltView.swift */,
				DFE2211E29EDF8940057B9B1 /* Main.storyboard */,
				DFE2212129EDF8980057B9B1 /* Assets.xcassets */,
				DFE2212329EDF8980057B9B1 /* LaunchScreen.storyboard */,
				DFE2212629EDF8980057B9B1 /* Info.plist */,
			);
			path = "Aim Straight";
			sourceTree = "<group>";
		};
/* End PBXGroup section */

/* Begin PBXNativeTarget section */
		DFE2211429EDF8940057B9B1 /* Aim Straight */ = {
			isa = PBXNativeTarget;
			buildConfigurationList = DFE2212929EDF8980057B9B1 /* Build configuration list for PBXNativeTarget "Aim Straight" */;
			buildPhases = (
				DFE2211129EDF8940057B9B1 /* Sources */,
				DFE2211229EDF8940057B9B1 /* Frameworks */,
				DFE2211329EDF8940057B9B1 /* Resources */,
			);
			buildRules = (
			);
			dependencies = (
			);
			name = "Aim Straight";
			packageProductDependencies = (
				DF7C0C0629F11D0000251213 /* Interaction-Queue */,
			);
			productName = "Aim Straight";
			productReference = DFE2211529EDF8940057B9B1 /* Aim Straight.app */;
			productType = "com.apple.product-type.application";
		};
/* End PBXNativeTarget section */

/* Begin PBXProject section */
		DFE2210D29EDF8940057B9B1 /* Project object */ = {
			isa = PBXProject;
			attributes = {
				BuildIndependentTargetsInParallel = 1;
				LastSwiftUpdateCheck = 1320;
				LastUpgradeCheck = 1320;
				TargetAttributes = {
					DFE2211429EDF8940057B9B1 = {
						CreatedOnToolsVersion = 13.2.1;
					};
				};
			};
			buildConfigurationList = DFE2211029EDF8940057B9B1 /* Build configuration list for PBXProject "Aim Straight" */;
			compatibilityVersion = "Xcode 13.0";
			developmentRegion = en;
			hasScannedForEncodings = 0;
			knownRegions = (
				en,
				Base,
			);
			mainGroup = DFE2210C29EDF8940057B9B1;
			packageReferences = (
				DF7C0C0529F11D0000251213 /* XCRemoteSwiftPackageReference "AsynchronousInteractionCoordinator" */,
			);
			productRefGroup = DFE2211629EDF8940057B9B1 /* Products */;
			projectDirPath = "";
			projectRoot = "";
			targets = (
				DFE2211429EDF8940057B9B1 /* Aim Straight */,
			);
		};
/* End PBXProject section */

/* Begin PBXResourcesBuildPhase section */
		DFE2211329EDF8940057B9B1 /* Resources */ = {
			isa = PBXResourcesBuildPhase;
			buildActionMask = 2147483647;
			files = (
				DFE2212529EDF8980057B9B1 /* LaunchScreen.storyboard in Resources */,
				DFE2212229EDF8980057B9B1 /* Assets.xcassets in Resources */,
				DFE2212029EDF8940057B9B1 /* Main.storyboard in Resources */,
			);
			runOnlyForDeploymentPostprocessing = 0;
		};
/* End PBXResourcesBuildPhase section */

/* Begin PBXSourcesBuildPhase section */
		DFE2211129EDF8940057B9B1 /* Sources */ = {
			isa = PBXSourcesBuildPhase;
			buildActionMask = 2147483647;
			files = (
				DF7C0C0B29F7B22D00251213 /* TiltView.swift in Sources */,
				DFE2211D29EDF8940057B9B1 /* ViewController.swift in Sources */,
				DF7C0C0929F7B0F500251213 /* Vector math.swift in Sources */,
				DFE2211929EDF8940057B9B1 /* AppDelegate.swift in Sources */,
				DFE2211B29EDF8940057B9B1 /* SceneDelegate.swift in Sources */,
			);
			runOnlyForDeploymentPostprocessing = 0;
		};
/* End PBXSourcesBuildPhase section */

/* Begin PBXVariantGroup section */
		DFE2211E29EDF8940057B9B1 /* Main.storyboard */ = {
			isa = PBXVariantGroup;
			children = (
				DFE2211F29EDF8940057B9B1 /* Base */,
			);
			name = Main.storyboard;
			sourceTree = "<group>";
		};
		DFE2212329EDF8980057B9B1 /* LaunchScreen.storyboard */ = {
			isa = PBXVariantGroup;
			children = (
				DFE2212429EDF8980057B9B1 /* Base */,
			);
			name = LaunchScreen.storyboard;
			sourceTree = "<group>";
		};
/* End PBXVariantGroup section */

/* Begin XCBuildConfiguration section */
		DFE2212729EDF8980057B9B1 /* Debug */ = {
			isa = XCBuildConfiguration;
			buildSettings = {
				ALWAYS_SEARCH_USER_PATHS = NO;
				CLANG_ANALYZER_NONNULL = YES;
				CLANG_ANALYZER_NUMBER_OBJECT_CONVERSION = YES_AGGRESSIVE;
				CLANG_CXX_LANGUAGE_STANDARD = "gnu++17";
				CLANG_CXX_LIBRARY = "libc++";
				CLANG_ENABLE_MODULES = YES;
				CLANG_ENABLE_OBJC_ARC = YES;
				CLANG_ENABLE_OBJC_WEAK = YES;
				CLANG_WARN_BLOCK_CAPTURE_AUTORELEASING = YES;
				CLANG_WARN_BOOL_CONVERSION = YES;
				CLANG_WARN_COMMA = YES;
				CLANG_WARN_CONSTANT_CONVERSION = YES;
				CLANG_WARN_DEPRECATED_OBJC_IMPLEMENTATIONS = YES;
				CLANG_WARN_DIRECT_OBJC_ISA_USAGE = YES_ERROR;
				CLANG_WARN_DOCUMENTATION_COMMENTS = YES;
				CLANG_WARN_EMPTY_BODY = YES;
				CLANG_WARN_ENUM_CONVERSION = YES;
				CLANG_WARN_INFINITE_RECURSION = YES;
				CLANG_WARN_INT_CONVERSION = YES;
				CLANG_WARN_NON_LITERAL_NULL_CONVERSION = YES;
				CLANG_WARN_OBJC_IMPLICIT_RETAIN_SELF = YES;
				CLANG_WARN_OBJC_LITERAL_CONVERSION = YES;
				CLANG_WARN_OBJC_ROOT_CLASS = YES_ERROR;
				CLANG_WARN_QUOTED_INCLUDE_IN_FRAMEWORK_HEADER = YES;
				CLANG_WARN_RANGE_LOOP_ANALYSIS = YES;
				CLANG_WARN_STRICT_PROTOTYPES = YES;
				CLANG_WARN_SUSPICIOUS_MOVE = YES;
				CLANG_WARN_UNGUARDED_AVAILABILITY = YES_AGGRESSIVE;
				CLANG_WARN_UNREACHABLE_CODE = YES;
				CLANG_WARN__DUPLICATE_METHOD_MATCH = YES;
				COPY_PHASE_STRIP = NO;
				DEBUG_INFORMATION_FORMAT = dwarf;
				ENABLE_STRICT_OBJC_MSGSEND = YES;
				ENABLE_TESTABILITY = YES;
				GCC_C_LANGUAGE_STANDARD = gnu11;
				GCC_DYNAMIC_NO_PIC = NO;
				GCC_NO_COMMON_BLOCKS = YES;
				GCC_OPTIMIZATION_LEVEL = 0;
				GCC_PREPROCESSOR_DEFINITIONS = (
					"DEBUG=1",
					"$(inherited)",
				);
				GCC_WARN_64_TO_32_BIT_CONVERSION = YES;
				GCC_WARN_ABOUT_RETURN_TYPE = YES_ERROR;
				GCC_WARN_UNDECLARED_SELECTOR = YES;
				GCC_WARN_UNINITIALIZED_AUTOS = YES_AGGRESSIVE;
				GCC_WARN_UNUSED_FUNCTION = YES;
				GCC_WARN_UNUSED_VARIABLE = YES;
				IPHONEOS_DEPLOYMENT_TARGET = 15.2;
				MTL_ENABLE_DEBUG_INFO = INCLUDE_SOURCE;
				MTL_FAST_MATH = YES;
				ONLY_ACTIVE_ARCH = YES;
				SDKROOT = iphoneos;
				SWIFT_ACTIVE_COMPILATION_CONDITIONS = DEBUG;
				SWIFT_OPTIMIZATION_LEVEL = "-Onone";
			};
			name = Debug;
		};
		DFE2212829EDF8980057B9B1 /* Release */ = {
			isa = XCBuildConfiguration;
			buildSettings = {
				ALWAYS_SEARCH_USER_PATHS = NO;
				CLANG_ANALYZER_NONNULL = YES;
				CLANG_ANALYZER_NUMBER_OBJECT_CONVERSION = YES_AGGRESSIVE;
				CLANG_CXX_LANGUAGE_STANDARD = "gnu++17";
				CLANG_CXX_LIBRARY = "libc++";
				CLANG_ENABLE_MODULES = YES;
				CLANG_ENABLE_OBJC_ARC = YES;
				CLANG_ENABLE_OBJC_WEAK = YES;
				CLANG_WARN_BLOCK_CAPTURE_AUTORELEASING = YES;
				CLANG_WARN_BOOL_CONVERSION = YES;
				CLANG_WARN_COMMA = YES;
				CLANG_WARN_CONSTANT_CONVERSION = YES;
				CLANG_WARN_DEPRECATED_OBJC_IMPLEMENTATIONS = YES;
				CLANG_WARN_DIRECT_OBJC_ISA_USAGE = YES_ERROR;
				CLANG_WARN_DOCUMENTATION_COMMENTS = YES;
				CLANG_WARN_EMPTY_BODY = YES;
				CLANG_WARN_ENUM_CONVERSION = YES;
				CLANG_WARN_INFINITE_RECURSION = YES;
				CLANG_WARN_INT_CONVERSION = YES;
				CLANG_WARN_NON_LITERAL_NULL_CONVERSION = YES;
				CLANG_WARN_OBJC_IMPLICIT_RETAIN_SELF = YES;
				CLANG_WARN_OBJC_LITERAL_CONVERSION = YES;
				CLANG_WARN_OBJC_ROOT_CLASS = YES_ERROR;
				CLANG_WARN_QUOTED_INCLUDE_IN_FRAMEWORK_HEADER = YES;
				CLANG_WARN_RANGE_LOOP_ANALYSIS = YES;
				CLANG_WARN_STRICT_PROTOTYPES = YES;
				CLANG_WARN_SUSPICIOUS_MOVE = YES;
				CLANG_WARN_UNGUARDED_AVAILABILITY = YES_AGGRESSIVE;
				CLANG_WARN_UNREACHABLE_CODE = YES;
				CLANG_WARN__DUPLICATE_METHOD_MATCH = YES;
				COPY_PHASE_STRIP = NO;
				DEBUG_INFORMATION_FORMAT = "dwarf-with-dsym";
				ENABLE_NS_ASSERTIONS = NO;
				ENABLE_STRICT_OBJC_MSGSEND = YES;
				GCC_C_LANGUAGE_STANDARD = gnu11;
				GCC_NO_COMMON_BLOCKS = YES;
				GCC_WARN_64_TO_32_BIT_CONVERSION = YES;
				GCC_WARN_ABOUT_RETURN_TYPE = YES_ERROR;
				GCC_WARN_UNDECLARED_SELECTOR = YES;
				GCC_WARN_UNINITIALIZED_AUTOS = YES_AGGRESSIVE;
				GCC_WARN_UNUSED_FUNCTION = YES;
				GCC_WARN_UNUSED_VARIABLE = YES;
				IPHONEOS_DEPLOYMENT_TARGET = 15.2;
				MTL_ENABLE_DEBUG_INFO = NO;
				MTL_FAST_MATH = YES;
				SDKROOT = iphoneos;
				SWIFT_COMPILATION_MODE = wholemodule;
				SWIFT_OPTIMIZATION_LEVEL = "-O";
				VALIDATE_PRODUCT = YES;
			};
			name = Release;
		};
		DFE2212A29EDF8980057B9B1 /* Debug */ = {
			isa = XCBuildConfiguration;
			buildSettings = {
				ASSETCATALOG_COMPILER_APPICON_NAME = AppIcon;
				ASSETCATALOG_COMPILER_GLOBAL_ACCENT_COLOR_NAME = AccentColor;
				CODE_SIGN_STYLE = Automatic;
				CURRENT_PROJECT_VERSION = 1;
				DEVELOPMENT_TEAM = U7F5VP3NPF;
				GENERATE_INFOPLIST_FILE = YES;
				INFOPLIST_FILE = "Aim Straight/Info.plist";
				INFOPLIST_KEY_NSCameraUsageDescription = "Pictures you take will be stored in your photo library.";
				INFOPLIST_KEY_NSHumanReadableCopyright = "© 2023 Stephen Lardieri";
				INFOPLIST_KEY_NSMotionUsageDescription = "Helps you take pictures that are level and straight.";
				INFOPLIST_KEY_NSPhotoLibraryAddUsageDescription = "Pictures you take will be stored in your photo library.";
				INFOPLIST_KEY_UIApplicationSupportsIndirectInputEvents = YES;
				INFOPLIST_KEY_UILaunchStoryboardName = LaunchScreen;
				INFOPLIST_KEY_UIMainStoryboardFile = Main;
				INFOPLIST_KEY_UIRequiredDeviceCapabilities = "accelerometer gyroscope";
				INFOPLIST_KEY_UISupportedInterfaceOrientations_iPad = "UIInterfaceOrientationPortrait UIInterfaceOrientationPortraitUpsideDown UIInterfaceOrientationLandscapeLeft UIInterfaceOrientationLandscapeRight";
				INFOPLIST_KEY_UISupportedInterfaceOrientations_iPhone = "UIInterfaceOrientationPortrait UIInterfaceOrientationLandscapeLeft UIInterfaceOrientationLandscapeRight";
				LD_RUNPATH_SEARCH_PATHS = (
					"$(inherited)",
					"@executable_path/Frameworks",
				);
				MARKETING_VERSION = 1.0;
				PRODUCT_BUNDLE_IDENTIFIER = "lardieri.Aim-Straight";
				PRODUCT_NAME = "$(TARGET_NAME)";
				SWIFT_EMIT_LOC_STRINGS = YES;
				SWIFT_VERSION = 5.0;
				TARGETED_DEVICE_FAMILY = "1,2";
			};
			name = Debug;
		};
		DFE2212B29EDF8980057B9B1 /* Release */ = {
			isa = XCBuildConfiguration;
			buildSettings = {
				ASSETCATALOG_COMPILER_APPICON_NAME = AppIcon;
				ASSETCATALOG_COMPILER_GLOBAL_ACCENT_COLOR_NAME = AccentColor;
				CODE_SIGN_STYLE = Automatic;
				CURRENT_PROJECT_VERSION = 1;
				DEVELOPMENT_TEAM = U7F5VP3NPF;
				GENERATE_INFOPLIST_FILE = YES;
				INFOPLIST_FILE = "Aim Straight/Info.plist";
				INFOPLIST_KEY_NSCameraUsageDescription = "Pictures you take will be stored in your photo library.";
				INFOPLIST_KEY_NSHumanReadableCopyright = "© 2023 Stephen Lardieri";
				INFOPLIST_KEY_NSMotionUsageDescription = "Helps you take pictures that are level and straight.";
				INFOPLIST_KEY_NSPhotoLibraryAddUsageDescription = "Pictures you take will be stored in your photo library.";
				INFOPLIST_KEY_UIApplicationSupportsIndirectInputEvents = YES;
				INFOPLIST_KEY_UILaunchStoryboardName = LaunchScreen;
				INFOPLIST_KEY_UIMainStoryboardFile = Main;
				INFOPLIST_KEY_UIRequiredDeviceCapabilities = "accelerometer gyroscope";
				INFOPLIST_KEY_UISupportedInterfaceOrientations_iPad = "UIInterfaceOrientationPortrait UIInterfaceOrientationPortraitUpsideDown UIInterfaceOrientationLandscapeLeft UIInterfaceOrientationLandscapeRight";
				INFOPLIST_KEY_UISupportedInterfaceOrientations_iPhone = "UIInterfaceOrientationPortrait UIInterfaceOrientationLandscapeLeft UIInterfaceOrientationLandscapeRight";
				LD_RUNPATH_SEARCH_PATHS = (
					"$(inherited)",
					"@executable_path/Frameworks",
				);
				MARKETING_VERSION = 1.0;
				PRODUCT_BUNDLE_IDENTIFIER = "lardieri.Aim-Straight";
				PRODUCT_NAME = "$(TARGET_NAME)";
				SWIFT_EMIT_LOC_STRINGS = YES;
				SWIFT_VERSION = 5.0;
				TARGETED_DEVICE_FAMILY = "1,2";
			};
			name = Release;
		};
/* End XCBuildConfiguration section */

/* Begin XCConfigurationList section */
		DFE2211029EDF8940057B9B1 /* Build configuration list for PBXProject "Aim Straight" */ = {
			isa = XCConfigurationList;
			buildConfigurations = (
				DFE2212729EDF8980057B9B1 /* Debug */,
				DFE2212829EDF8980057B9B1 /* Release */,
			);
			defaultConfigurationIsVisible = 0;
			defaultConfigurationName = Release;
		};
		DFE2212929EDF8980057B9B1 /* Build configuration list for PBXNativeTarget "Aim Straight" */ = {
			isa = XCConfigurationList;
			buildConfigurations = (
				DFE2212A29EDF8980057B9B1 /* Debug */,
				DFE2212B29EDF8980057B9B1 /* Release */,
			);
			defaultConfigurationIsVisible = 0;
			defaultConfigurationName = Release;
		};
/* End XCConfigurationList section */

/* Begin XCRemoteSwiftPackageReference section */
		DF7C0C0529F11D0000251213 /* XCRemoteSwiftPackageReference "AsynchronousInteractionCoordinator" */ = {
			isa = XCRemoteSwiftPackageReference;
			repositoryURL = "https://github.com/rule-of-72/AsynchronousInteractionCoordinator";
			requirement = {
				kind = upToNextMajorVersion;
				minimumVersion = 1.0.0;
			};
		};
/* End XCRemoteSwiftPackageReference section */

/* Begin XCSwiftPackageProductDependency section */
		DF7C0C0629F11D0000251213 /* Interaction-Queue */ = {
			isa = XCSwiftPackageProductDependency;
			package = DF7C0C0529F11D0000251213 /* XCRemoteSwiftPackageReference "AsynchronousInteractionCoordinator" */;
			productName = "Interaction-Queue";
		};
/* End XCSwiftPackageProductDependency section */
	};
	rootObject = DFE2210D29EDF8940057B9B1 /* Project object */;
}
